
Microsoft Visual Studio Solution File, Format Version 12.00
# Visual Studio Version 17
VisualStudioVersion = 17.14.36414.22
MinimumVisualStudioVersion = 10.0.40219.1
Project("{FAE04EC0-301F-11D3-BF4B-00C04F79EFBC}") = "AppPallet", "AppPallet\AppPallet.csproj", "{9EC0EF37-D32B-4598-A83C-8D5170927342}"
EndProject
Project("{FAE04EC0-301F-11D3-BF4B-00C04F79EFBC}") = "AppPalletTests", "AppPalletTests\AppPalletTests.csproj", "{F2F1A2BB-D8A4-495D-B5B8-6A5EC2662A42}"
EndProject
Global
	GlobalSection(SolutionConfigurationPlatforms) = preSolution
		Debug|Any CPU = Debug|Any CPU
		Release|Any CPU = Release|Any CPU
	EndGlobalSection
	GlobalSection(ProjectConfigurationPlatforms) = postSolution
		{9EC0EF37-D32B-4598-A83C-8D5170927342}.Debug|Any CPU.ActiveCfg = Debug|Any CPU
		{9EC0EF37-D32B-4598-A83C-8D5170927342}.Debug|Any CPU.Build.0 = Debug|Any CPU
		{9EC0EF37-D32B-4598-A83C-8D5170927342}.Debug|Any CPU.Deploy.0 = Debug|Any CPU
		{9EC0EF37-D32B-4598-A83C-8D5170927342}.Release|Any CPU.ActiveCfg = Release|Any CPU
		{9EC0EF37-D32B-4598-A83C-8D5170927342}.Release|Any CPU.Build.0 = Release|Any CPU
		{F2F1A2BB-D8A4-495D-B5B8-6A5EC2662A42}.Debug|Any CPU.ActiveCfg = Debug|Any CPU
		{F2F1A2BB-D8A4-495D-B5B8-6A5EC2662A42}.Debug|Any CPU.Build.0 = Debug|Any CPU
		{F2F1A2BB-D8A4-495D-B5B8-6A5EC2662A42}.Release|Any CPU.ActiveCfg = Release|Any CPU
		{F2F1A2BB-D8A4-495D-B5B8-6A5EC2662A42}.Release|Any CPU.Build.0 = Release|Any CPU
	EndGlobalSection
	GlobalSection(SolutionProperties) = preSolution
		HideSolutionNode = FALSE
	EndGlobalSection
	GlobalSection(ExtensibilityGlobals) = postSolution
		SolutionGuid = {F71687FA-E38B-4F9C-8C87-DBFDC6827957}
	EndGlobalSection
EndGlobal
